
Microsoft Visual Studio Solution File, Format Version 12.00
# Visual Studio Express 14 for Windows Desktop
VisualStudioVersion = 14.0.25123.0
MinimumVisualStudioVersion = 10.0.40219.1
Project("{8BC9CEB8-8B4A-11D0-8D11-00A0C91BC942}") = "Taskbar", "Taskbar\Taskbar.vcxproj", "{7CB87BB4-028E-40C5-A669-3ACE09D6112A}"
EndProject
Project("{8BC9CEB8-8B4A-11D0-8D11-00A0C91BC942}") = "DeviceManager", "DeviceManager\DeviceManager.vcxproj", "{796BDF3A-44C5-424E-9F6C-AC8236ED6E1E}"
EndProject
Global
	GlobalSection(SolutionConfigurationPlatforms) = preSolution
		Debug|Any CPU = Debug|Any CPU
		Debug|x64 = Debug|x64
		Debug|x86 = Debug|x86
		Release|Any CPU = Release|Any CPU
		Release|x64 = Release|x64
		Release|x86 = Release|x86
	EndGlobalSection
	GlobalSection(ProjectConfigurationPlatforms) = postSolution
		{7CB87BB4-028E-40C5-A669-3ACE09D6112A}.Debug|Any CPU.ActiveCfg = Debug|Win32
		{7CB87BB4-028E-40C5-A669-3ACE09D6112A}.Debug|x64.ActiveCfg = Debug|x64
		{7CB87BB4-028E-40C5-A669-3ACE09D6112A}.Debug|x64.Build.0 = Debug|x64
		{7CB87BB4-028E-40C5-A669-3ACE09D6112A}.Debug|x86.ActiveCfg = Debug|Win32
		{7CB87BB4-028E-40C5-A669-3ACE09D6112A}.Debug|x86.Build.0 = Debug|Win32
		{7CB87BB4-028E-40C5-A669-3ACE09D6112A}.Release|Any CPU.ActiveCfg = Release|Win32
		{7CB87BB4-028E-40C5-A669-3ACE09D6112A}.Release|x64.ActiveCfg = Release|x64
		{7CB87BB4-028E-40C5-A669-3ACE09D6112A}.Release|x64.Build.0 = Release|x64
		{7CB87BB4-028E-40C5-A669-3ACE09D6112A}.Release|x86.ActiveCfg = Release|Win32
		{7CB87BB4-028E-40C5-A669-3ACE09D6112A}.Release|x86.Build.0 = Release|Win32
		{796BDF3A-44C5-424E-9F6C-AC8236ED6E1E}.Debug|Any CPU.ActiveCfg = Debug|Win32
		{796BDF3A-44C5-424E-9F6C-AC8236ED6E1E}.Debug|x64.ActiveCfg = Debug|x64
		{796BDF3A-44C5-424E-9F6C-AC8236ED6E1E}.Debug|x64.Build.0 = Debug|x64
		{796BDF3A-44C5-424E-9F6C-AC8236ED6E1E}.Debug|x86.ActiveCfg = Debug|Win32
		{796BDF3A-44C5-424E-9F6C-AC8236ED6E1E}.Debug|x86.Build.0 = Debug|Win32
		{796BDF3A-44C5-424E-9F6C-AC8236ED6E1E}.Release|Any CPU.ActiveCfg = Release|Win32
		{796BDF3A-44C5-424E-9F6C-AC8236ED6E1E}.Release|x64.ActiveCfg = Release|x64
		{796BDF3A-44C5-424E-9F6C-AC8236ED6E1E}.Release|x64.Build.0 = Release|x64
		{796BDF3A-44C5-424E-9F6C-AC8236ED6E1E}.Release|x86.ActiveCfg = Release|Win32
		{796BDF3A-44C5-424E-9F6C-AC8236ED6E1E}.Release|x86.Build.0 = Release|Win32
	EndGlobalSection
	GlobalSection(SolutionProperties) = preSolution
		HideSolutionNode = FALSE
	EndGlobalSection
EndGlobal
